
Microsoft Visual Studio Solution File, Format Version 12.00
# Visual Studio Version 17
VisualStudioVersion = 17.0.31903.59
MinimumVisualStudioVersion = 10.0.40219.1
Project("{FAE04EC0-301F-11D3-BF4B-00C04F79EFBC}") = "Api", "Api\Api.csproj", "{3AF14ED6-0F06-45A8-B981-E807CF42D756}"
EndProject
Project("{FAE04EC0-301F-11D3-BF4B-00C04F79EFBC}") = "Data", "Data\Data.csproj", "{1996C99F-D2FB-4E34-95D2-83BD17EA2259}"
EndProject
Global
	GlobalSection(SolutionConfigurationPlatforms) = preSolution
		Debug|Any CPU = Debug|Any CPU
		Release|Any CPU = Release|Any CPU
	EndGlobalSection
	GlobalSection(SolutionProperties) = preSolution
		HideSolutionNode = FALSE
	EndGlobalSection
	GlobalSection(ProjectConfigurationPlatforms) = postSolution
		{3AF14ED6-0F06-45A8-B981-E807CF42D756}.Debug|Any CPU.ActiveCfg = Debug|Any CPU
		{3AF14ED6-0F06-45A8-B981-E807CF42D756}.Debug|Any CPU.Build.0 = Debug|Any CPU
		{3AF14ED6-0F06-45A8-B981-E807CF42D756}.Release|Any CPU.ActiveCfg = Release|Any CPU
		{3AF14ED6-0F06-45A8-B981-E807CF42D756}.Release|Any CPU.Build.0 = Release|Any CPU
		{1996C99F-D2FB-4E34-95D2-83BD17EA2259}.Debug|Any CPU.ActiveCfg = Debug|Any CPU
		{1996C99F-D2FB-4E34-95D2-83BD17EA2259}.Debug|Any CPU.Build.0 = Debug|Any CPU
		{1996C99F-D2FB-4E34-95D2-83BD17EA2259}.Release|Any CPU.ActiveCfg = Release|Any CPU
		{1996C99F-D2FB-4E34-95D2-83BD17EA2259}.Release|Any CPU.Build.0 = Release|Any CPU
	EndGlobalSection
EndGlobal
